// !$*UTF8*$!
{
	archiveVersion = 1;
	classes = {
	};
	objectVersion = 46;
	objects = {

/* Begin PBXBuildFile section */
		4D4AA2871E66D67A00C9FBE5 /* socketserver.cpp in Sources */ = {isa = PBXBuildFile; fileRef = 4D4AA2851E66D67A00C9FBE5 /* socketserver.cpp */; };
		4D8F507F1E1ED61500F0B65E /* main.cpp in Sources */ = {isa = PBXBuildFile; fileRef = 4D8F507E1E1ED61500F0B65E /* main.cpp */; };
		4D94F0751E718F00008D8816 /* faceidentifier.cpp in Sources */ = {isa = PBXBuildFile; fileRef = 4D94F0731E718F00008D8816 /* faceidentifier.cpp */; };
		4DEB6CC81E5D929F00E0A36E /* VCapture.cpp in Sources */ = {isa = PBXBuildFile; fileRef = 4DEB6CC61E5D929F00E0A36E /* VCapture.cpp */; };
/* End PBXBuildFile section */

/* Begin PBXCopyFilesBuildPhase section */
		4D8F50791E1ED61400F0B65E /* CopyFiles */ = {
			isa = PBXCopyFilesBuildPhase;
			buildActionMask = 2147483647;
			dstPath = /usr/share/man/man1/;
			dstSubfolderSpec = 0;
			files = (
			);
			runOnlyForDeploymentPostprocessing = 1;
		};
/* End PBXCopyFilesBuildPhase section */

/* Begin PBXFileReference section */
		4D4AA2851E66D67A00C9FBE5 /* socketserver.cpp */ = {isa = PBXFileReference; fileEncoding = 4; lastKnownFileType = sourcecode.cpp.cpp; path = socketserver.cpp; sourceTree = "<group>"; };
		4D4AA2861E66D67A00C9FBE5 /* socketserver.hpp */ = {isa = PBXFileReference; fileEncoding = 4; lastKnownFileType = sourcecode.cpp.h; path = socketserver.hpp; sourceTree = "<group>"; };
		4D8F507B1E1ED61500F0B65E /* cameraTest */ = {isa = PBXFileReference; explicitFileType = "compiled.mach-o.executable"; includeInIndex = 0; path = cameraTest; sourceTree = BUILT_PRODUCTS_DIR; };
		4D8F507E1E1ED61500F0B65E /* main.cpp */ = {isa = PBXFileReference; lastKnownFileType = sourcecode.cpp.cpp; path = main.cpp; sourceTree = "<group>"; };
		4D94F0731E718F00008D8816 /* faceidentifier.cpp */ = {isa = PBXFileReference; fileEncoding = 4; lastKnownFileType = sourcecode.cpp.cpp; path = faceidentifier.cpp; sourceTree = "<group>"; };
		4D94F0741E718F00008D8816 /* faceidentifier.hpp */ = {isa = PBXFileReference; fileEncoding = 4; lastKnownFileType = sourcecode.cpp.h; path = faceidentifier.hpp; sourceTree = "<group>"; };
		4DE6135A1E201BD2003D5AFA /* haarcascade_eye_tree_eyeglasses.xml */ = {isa = PBXFileReference; fileEncoding = 4; lastKnownFileType = text.xml; path = haarcascade_eye_tree_eyeglasses.xml; sourceTree = "<group>"; };
		4DE6135B1E201DB9003D5AFA /* haarcascade_frontalface_alt.xml */ = {isa = PBXFileReference; fileEncoding = 4; lastKnownFileType = text.xml; path = haarcascade_frontalface_alt.xml; sourceTree = "<group>"; };
		4DEB6CC61E5D929F00E0A36E /* VCapture.cpp */ = {isa = PBXFileReference; fileEncoding = 4; lastKnownFileType = sourcecode.cpp.cpp; path = VCapture.cpp; sourceTree = "<group>"; };
		4DEB6CC71E5D929F00E0A36E /* VCapture.hpp */ = {isa = PBXFileReference; fileEncoding = 4; lastKnownFileType = sourcecode.cpp.h; path = VCapture.hpp; sourceTree = "<group>"; };
/* End PBXFileReference section */

/* Begin PBXFrameworksBuildPhase section */
		4D8F50781E1ED61400F0B65E /* Frameworks */ = {
			isa = PBXFrameworksBuildPhase;
			buildActionMask = 2147483647;
			files = (
			);
			runOnlyForDeploymentPostprocessing = 0;
		};
/* End PBXFrameworksBuildPhase section */

/* Begin PBXGroup section */
		4D8F50721E1ED61400F0B65E = {
			isa = PBXGroup;
			children = (
				4D8F507D1E1ED61500F0B65E /* cameraTest */,
				4D8F507C1E1ED61500F0B65E /* Products */,
			);
			sourceTree = "<group>";
		};
		4D8F507C1E1ED61500F0B65E /* Products */ = {
			isa = PBXGroup;
			children = (
				4D8F507B1E1ED61500F0B65E /* cameraTest */,
			);
			name = Products;
			sourceTree = "<group>";
		};
		4D8F507D1E1ED61500F0B65E /* cameraTest */ = {
			isa = PBXGroup;
			children = (
				4D8F507E1E1ED61500F0B65E /* main.cpp */,
				4DEB6CC61E5D929F00E0A36E /* VCapture.cpp */,
				4DEB6CC71E5D929F00E0A36E /* VCapture.hpp */,
				4DE6135A1E201BD2003D5AFA /* haarcascade_eye_tree_eyeglasses.xml */,
				4DE6135B1E201DB9003D5AFA /* haarcascade_frontalface_alt.xml */,
				4D4AA2851E66D67A00C9FBE5 /* socketserver.cpp */,
				4D4AA2861E66D67A00C9FBE5 /* socketserver.hpp */,
				4D94F0731E718F00008D8816 /* faceidentifier.cpp */,
				4D94F0741E718F00008D8816 /* faceidentifier.hpp */,
			);
			path = cameraTest;
			sourceTree = "<group>";
		};
/* End PBXGroup section */

/* Begin PBXNativeTarget section */
		4D8F507A1E1ED61400F0B65E /* cameraTest */ = {
			isa = PBXNativeTarget;
			buildConfigurationList = 4D8F50821E1ED61500F0B65E /* Build configuration list for PBXNativeTarget "cameraTest" */;
			buildPhases = (
				4D8F50771E1ED61400F0B65E /* Sources */,
				4D8F50781E1ED61400F0B65E /* Frameworks */,
				4D8F50791E1ED61400F0B65E /* CopyFiles */,
			);
			buildRules = (
			);
			dependencies = (
			);
			name = cameraTest;
			productName = cameraTest;
			productReference = 4D8F507B1E1ED61500F0B65E /* cameraTest */;
			productType = "com.apple.product-type.tool";
		};
/* End PBXNativeTarget section */

/* Begin PBXProject section */
		4D8F50731E1ED61400F0B65E /* Project object */ = {
			isa = PBXProject;
			attributes = {
				LastUpgradeCheck = 0820;
				ORGANIZATIONNAME = "Mark Nijboer";
				TargetAttributes = {
					4D8F507A1E1ED61400F0B65E = {
						CreatedOnToolsVersion = 8.2.1;
						DevelopmentTeam = 3G8C2WNLS8;
						ProvisioningStyle = Automatic;
					};
				};
			};
			buildConfigurationList = 4D8F50761E1ED61400F0B65E /* Build configuration list for PBXProject "cameraTest" */;
			compatibilityVersion = "Xcode 3.2";
			developmentRegion = English;
			hasScannedForEncodings = 0;
			knownRegions = (
				en,
			);
			mainGroup = 4D8F50721E1ED61400F0B65E;
			productRefGroup = 4D8F507C1E1ED61500F0B65E /* Products */;
			projectDirPath = "";
			projectRoot = "";
			targets = (
				4D8F507A1E1ED61400F0B65E /* cameraTest */,
			);
		};
/* End PBXProject section */

/* Begin PBXSourcesBuildPhase section */
		4D8F50771E1ED61400F0B65E /* Sources */ = {
			isa = PBXSourcesBuildPhase;
			buildActionMask = 2147483647;
			files = (
				4D4AA2871E66D67A00C9FBE5 /* socketserver.cpp in Sources */,
				4D94F0751E718F00008D8816 /* faceidentifier.cpp in Sources */,
				4D8F507F1E1ED61500F0B65E /* main.cpp in Sources */,
				4DEB6CC81E5D929F00E0A36E /* VCapture.cpp in Sources */,
			);
			runOnlyForDeploymentPostprocessing = 0;
		};
/* End PBXSourcesBuildPhase section */

/* Begin XCBuildConfiguration section */
		4D8F50801E1ED61500F0B65E /* Debug */ = {
			isa = XCBuildConfiguration;
			buildSettings = {
				ALWAYS_SEARCH_USER_PATHS = NO;
				CLANG_ANALYZER_NONNULL = YES;
				CLANG_CXX_LANGUAGE_STANDARD = "gnu++0x";
				CLANG_CXX_LIBRARY = "libc++";
				CLANG_ENABLE_MODULES = YES;
				CLANG_ENABLE_OBJC_ARC = YES;
				CLANG_WARN_BOOL_CONVERSION = YES;
				CLANG_WARN_CONSTANT_CONVERSION = YES;
				CLANG_WARN_DIRECT_OBJC_ISA_USAGE = YES_ERROR;
				CLANG_WARN_DOCUMENTATION_COMMENTS = YES;
				CLANG_WARN_EMPTY_BODY = YES;
				CLANG_WARN_ENUM_CONVERSION = YES;
				CLANG_WARN_INFINITE_RECURSION = YES;
				CLANG_WARN_INT_CONVERSION = YES;
				CLANG_WARN_OBJC_ROOT_CLASS = YES_ERROR;
				CLANG_WARN_SUSPICIOUS_MOVE = YES;
				CLANG_WARN_UNREACHABLE_CODE = YES;
				CLANG_WARN__DUPLICATE_METHOD_MATCH = YES;
				CODE_SIGN_IDENTITY = "-";
				COPY_PHASE_STRIP = NO;
				DEBUG_INFORMATION_FORMAT = dwarf;
				ENABLE_STRICT_OBJC_MSGSEND = YES;
				ENABLE_TESTABILITY = YES;
				GCC_C_LANGUAGE_STANDARD = gnu99;
				GCC_DYNAMIC_NO_PIC = NO;
				GCC_NO_COMMON_BLOCKS = YES;
				GCC_OPTIMIZATION_LEVEL = 0;
				GCC_PREPROCESSOR_DEFINITIONS = (
					"DEBUG=1",
					"$(inherited)",
				);
				GCC_WARN_64_TO_32_BIT_CONVERSION = YES;
				GCC_WARN_ABOUT_RETURN_TYPE = YES_ERROR;
				GCC_WARN_UNDECLARED_SELECTOR = YES;
				GCC_WARN_UNINITIALIZED_AUTOS = YES_AGGRESSIVE;
				GCC_WARN_UNUSED_FUNCTION = YES;
				GCC_WARN_UNUSED_VARIABLE = YES;
				MACOSX_DEPLOYMENT_TARGET = 10.12;
				MTL_ENABLE_DEBUG_INFO = YES;
				ONLY_ACTIVE_ARCH = YES;
				SDKROOT = macosx;
			};
			name = Debug;
		};
		4D8F50811E1ED61500F0B65E /* Release */ = {
			isa = XCBuildConfiguration;
			buildSettings = {
				ALWAYS_SEARCH_USER_PATHS = NO;
				CLANG_ANALYZER_NONNULL = YES;
				CLANG_CXX_LANGUAGE_STANDARD = "gnu++0x";
				CLANG_CXX_LIBRARY = "libc++";
				CLANG_ENABLE_MODULES = YES;
				CLANG_ENABLE_OBJC_ARC = YES;
				CLANG_WARN_BOOL_CONVERSION = YES;
				CLANG_WARN_CONSTANT_CONVERSION = YES;
				CLANG_WARN_DIRECT_OBJC_ISA_USAGE = YES_ERROR;
				CLANG_WARN_DOCUMENTATION_COMMENTS = YES;
				CLANG_WARN_EMPTY_BODY = YES;
				CLANG_WARN_ENUM_CONVERSION = YES;
				CLANG_WARN_INFINITE_RECURSION = YES;
				CLANG_WARN_INT_CONVERSION = YES;
				CLANG_WARN_OBJC_ROOT_CLASS = YES_ERROR;
				CLANG_WARN_SUSPICIOUS_MOVE = YES;
				CLANG_WARN_UNREACHABLE_CODE = YES;
				CLANG_WARN__DUPLICATE_METHOD_MATCH = YES;
				CODE_SIGN_IDENTITY = "-";
				COPY_PHASE_STRIP = NO;
				DEBUG_INFORMATION_FORMAT = "dwarf-with-dsym";
				ENABLE_NS_ASSERTIONS = NO;
				ENABLE_STRICT_OBJC_MSGSEND = YES;
				GCC_C_LANGUAGE_STANDARD = gnu99;
				GCC_NO_COMMON_BLOCKS = YES;
				GCC_WARN_64_TO_32_BIT_CONVERSION = YES;
				GCC_WARN_ABOUT_RETURN_TYPE = YES_ERROR;
				GCC_WARN_UNDECLARED_SELECTOR = YES;
				GCC_WARN_UNINITIALIZED_AUTOS = YES_AGGRESSIVE;
				GCC_WARN_UNUSED_FUNCTION = YES;
				GCC_WARN_UNUSED_VARIABLE = YES;
				MACOSX_DEPLOYMENT_TARGET = 10.12;
				MTL_ENABLE_DEBUG_INFO = NO;
				SDKROOT = macosx;
			};
			name = Release;
		};
		4D8F50831E1ED61500F0B65E /* Debug */ = {
			isa = XCBuildConfiguration;
			buildSettings = {
				DEVELOPMENT_TEAM = 3G8C2WNLS8;
				HEADER_SEARCH_PATHS = (
					/usr/local/include,
					/usr/local/opt/openssl/include,
					/usr/local/Cellar/libuv/1.11.0/include,
					/usr/local/opt/zlib/include,
				);
				LIBRARY_SEARCH_PATHS = (
					/usr/local/lib,
					/usr/local/Cellar/libuv/1.11.0/lib,
					/usr/local/opt/openssl/lib,
				);
				MACOSX_DEPLOYMENT_TARGET = 10.8;
				OTHER_LDFLAGS = (
					"-lopencv_calib3d",
					"-lopencv_core",
					"-lopencv_features2d",
					"-lopencv_flann",
					"-lopencv_highgui",
					"-lopencv_imgcodecs",
					"-lopencv_imgproc",
					"-lopencv_ml",
					"-lopencv_objdetect",
					"-lopencv_photo",
					"-lopencv_shape",
					"-lopencv_stitching",
					"-lopencv_superres",
					"-lopencv_video",
					"-lopencv_videoio",
					"-lopencv_videostab",
					"-lssl",
					"-lcrypto",
					"-luws",
					"-lz",
					"-luv",
				);
				PRODUCT_NAME = "$(TARGET_NAME)";
				USE_HEADERMAP = YES;
			};
			name = Debug;
		};
		4D8F50841E1ED61500F0B65E /* Release */ = {
			isa = XCBuildConfiguration;
			buildSettings = {
				DEVELOPMENT_TEAM = 3G8C2WNLS8;
				HEADER_SEARCH_PATHS = (
					/usr/local/include,
					/usr/local/opt/openssl/include,
					/usr/local/Cellar/libuv/1.11.0/include,
					/usr/local/opt/zlib/include,
				);
				LIBRARY_SEARCH_PATHS = (
					/usr/local/lib,
					/usr/local/Cellar/libuv/1.11.0/lib,
					/usr/local/opt/openssl/lib,
				);
				MACOSX_DEPLOYMENT_TARGET = 10.8;
				OTHER_LDFLAGS = (
					"-lopencv_calib3d",
					"-lopencv_core",
					"-lopencv_features2d",
					"-lopencv_flann",
					"-lopencv_highgui",
					"-lopencv_imgcodecs",
					"-lopencv_imgproc",
					"-lopencv_ml",
					"-lopencv_objdetect",
					"-lopencv_photo",
					"-lopencv_shape",
					"-lopencv_stitching",
					"-lopencv_superres",
					"-lopencv_video",
					"-lopencv_videoio",
					"-lopencv_videostab",
					"-lssl",
					"-lcrypto",
					"-luws",
					"-lz",
					"-luv",
				);
				PRODUCT_NAME = "$(TARGET_NAME)";
				USE_HEADERMAP = YES;
			};
			name = Release;
		};
/* End XCBuildConfiguration section */

/* Begin XCConfigurationList section */
		4D8F50761E1ED61400F0B65E /* Build configuration list for PBXProject "cameraTest" */ = {
			isa = XCConfigurationList;
			buildConfigurations = (
				4D8F50801E1ED61500F0B65E /* Debug */,
				4D8F50811E1ED61500F0B65E /* Release */,
			);
			defaultConfigurationIsVisible = 0;
			defaultConfigurationName = Release;
		};
		4D8F50821E1ED61500F0B65E /* Build configuration list for PBXNativeTarget "cameraTest" */ = {
			isa = XCConfigurationList;
			buildConfigurations = (
				4D8F50831E1ED61500F0B65E /* Debug */,
				4D8F50841E1ED61500F0B65E /* Release */,
			);
			defaultConfigurationIsVisible = 0;
			defaultConfigurationName = Release;
		};
/* End XCConfigurationList section */
	};
	rootObject = 4D8F50731E1ED61400F0B65E /* Project object */;
}
